// !$*UTF8*$!
{
	archiveVersion = 1;
	classes = {
	};
	objectVersion = 55;
	objects = {

/* Begin PBXBuildFile section */
		81466D892837E07C00876758 /* TypingEffectExampleApp.swift in Sources */ = {isa = PBXBuildFile; fileRef = 81466D882837E07C00876758 /* TypingEffectExampleApp.swift */; };
		81466D8B2837E07C00876758 /* ContentView.swift in Sources */ = {isa = PBXBuildFile; fileRef = 81466D8A2837E07C00876758 /* ContentView.swift */; };
		81466D8D2837E07F00876758 /* Assets.xcassets in Resources */ = {isa = PBXBuildFile; fileRef = 81466D8C2837E07F00876758 /* Assets.xcassets */; };
		81466D902837E07F00876758 /* Preview Assets.xcassets in Resources */ = {isa = PBXBuildFile; fileRef = 81466D8F2837E07F00876758 /* Preview Assets.xcassets */; };
		81466D9D2837E1FC00876758 /* kongtext.ttf in Resources */ = {isa = PBXBuildFile; fileRef = 81466D9B2837E1FC00876758 /* kongtext.ttf */; };
		81466DA12837E20E00876758 /* ARCADECLASSIC.TTF in Resources */ = {isa = PBXBuildFile; fileRef = 81466D9F2837E20E00876758 /* ARCADECLASSIC.TTF */; };
		81466DA52837F90C00876758 /* TypeOnViewModifier.swift in Sources */ = {isa = PBXBuildFile; fileRef = 81466DA42837F90C00876758 /* TypeOnViewModifier.swift */; };
/* End PBXBuildFile section */

/* Begin PBXFileReference section */
		81466D852837E07C00876758 /* TypingEffectExample.app */ = {isa = PBXFileReference; explicitFileType = wrapper.application; includeInIndex = 0; path = TypingEffectExample.app; sourceTree = BUILT_PRODUCTS_DIR; };
		81466D882837E07C00876758 /* TypingEffectExampleApp.swift */ = {isa = PBXFileReference; lastKnownFileType = sourcecode.swift; path = TypingEffectExampleApp.swift; sourceTree = "<group>"; };
		81466D8A2837E07C00876758 /* ContentView.swift */ = {isa = PBXFileReference; lastKnownFileType = sourcecode.swift; path = ContentView.swift; sourceTree = "<group>"; };
		81466D8C2837E07F00876758 /* Assets.xcassets */ = {isa = PBXFileReference; lastKnownFileType = folder.assetcatalog; path = Assets.xcassets; sourceTree = "<group>"; };
		81466D8F2837E07F00876758 /* Preview Assets.xcassets */ = {isa = PBXFileReference; lastKnownFileType = folder.assetcatalog; path = "Preview Assets.xcassets"; sourceTree = "<group>"; };
		81466D9A2837E1FC00876758 /* license.txt */ = {isa = PBXFileReference; fileEncoding = 4; lastKnownFileType = text; path = license.txt; sourceTree = "<group>"; };
		81466D9B2837E1FC00876758 /* kongtext.ttf */ = {isa = PBXFileReference; lastKnownFileType = file; path = kongtext.ttf; sourceTree = "<group>"; };
		81466D9E2837E20E00876758 /* license.txt */ = {isa = PBXFileReference; fileEncoding = 4; lastKnownFileType = text; path = license.txt; sourceTree = "<group>"; };
		81466D9F2837E20E00876758 /* ARCADECLASSIC.TTF */ = {isa = PBXFileReference; lastKnownFileType = file; path = ARCADECLASSIC.TTF; sourceTree = "<group>"; };
		81466DA22837E23100876758 /* Info.plist */ = {isa = PBXFileReference; lastKnownFileType = text.plist; path = Info.plist; sourceTree = "<group>"; };
		81466DA42837F90C00876758 /* TypeOnViewModifier.swift */ = {isa = PBXFileReference; lastKnownFileType = sourcecode.swift; path = TypeOnViewModifier.swift; sourceTree = "<group>"; };
/* End PBXFileReference section */

/* Begin PBXFrameworksBuildPhase section */
		81466D822837E07C00876758 /* Frameworks */ = {
			isa = PBXFrameworksBuildPhase;
			buildActionMask = 2147483647;
			files = (
			);
			runOnlyForDeploymentPostprocessing = 0;
		};
/* End PBXFrameworksBuildPhase section */

/* Begin PBXGroup section */
		81466D7C2837E07C00876758 = {
			isa = PBXGroup;
			children = (
				81466D872837E07C00876758 /* TypingEffectExample */,
				81466D862837E07C00876758 /* Products */,
			);
			sourceTree = "<group>";
		};
		81466D862837E07C00876758 /* Products */ = {
			isa = PBXGroup;
			children = (
				81466D852837E07C00876758 /* TypingEffectExample.app */,
			);
			name = Products;
			sourceTree = "<group>";
		};
		81466D872837E07C00876758 /* TypingEffectExample */ = {
			isa = PBXGroup;
			children = (
				81466D882837E07C00876758 /* TypingEffectExampleApp.swift */,
				81466D972837E1D300876758 /* Fonts */,
				81466DA32837F4BE00876758 /* ViewModifiers */,
				81466D962837E1CC00876758 /* Views */,
				81466D8C2837E07F00876758 /* Assets.xcassets */,
				81466DA22837E23100876758 /* Info.plist */,
				81466D8E2837E07F00876758 /* Preview Content */,
			);
			path = TypingEffectExample;
			sourceTree = "<group>";
		};
		81466D8E2837E07F00876758 /* Preview Content */ = {
			isa = PBXGroup;
			children = (
				81466D8F2837E07F00876758 /* Preview Assets.xcassets */,
			);
			path = "Preview Content";
			sourceTree = "<group>";
		};
		81466D962837E1CC00876758 /* Views */ = {
			isa = PBXGroup;
			children = (
				81466D8A2837E07C00876758 /* ContentView.swift */,
			);
			path = Views;
			sourceTree = "<group>";
		};
		81466D972837E1D300876758 /* Fonts */ = {
			isa = PBXGroup;
			children = (
				81466D992837E1F400876758 /* KongText */,
				81466D982837E1E900876758 /* ArcadeClassic */,
			);
			path = Fonts;
			sourceTree = "<group>";
		};
		81466D982837E1E900876758 /* ArcadeClassic */ = {
			isa = PBXGroup;
			children = (
				81466D9F2837E20E00876758 /* ARCADECLASSIC.TTF */,
				81466D9E2837E20E00876758 /* license.txt */,
			);
			path = ArcadeClassic;
			sourceTree = "<group>";
		};
		81466D992837E1F400876758 /* KongText */ = {
			isa = PBXGroup;
			children = (
				81466D9B2837E1FC00876758 /* kongtext.ttf */,
				81466D9A2837E1FC00876758 /* license.txt */,
			);
			path = KongText;
			sourceTree = "<group>";
		};
		81466DA32837F4BE00876758 /* ViewModifiers */ = {
			isa = PBXGroup;
			children = (
				81466DA42837F90C00876758 /* TypeOnViewModifier.swift */,
			);
			path = ViewModifiers;
			sourceTree = "<group>";
		};
/* End PBXGroup section */

/* Begin PBXNativeTarget section */
		81466D842837E07C00876758 /* TypingEffectExample */ = {
			isa = PBXNativeTarget;
			buildConfigurationList = 81466D932837E07F00876758 /* Build configuration list for PBXNativeTarget "TypingEffectExample" */;
			buildPhases = (
				81466D812837E07C00876758 /* Sources */,
				81466D822837E07C00876758 /* Frameworks */,
				81466D832837E07C00876758 /* Resources */,
			);
			buildRules = (
			);
			dependencies = (
			);
			name = TypingEffectExample;
			productName = TypingEffectExample;
			productReference = 81466D852837E07C00876758 /* TypingEffectExample.app */;
			productType = "com.apple.product-type.application";
		};
/* End PBXNativeTarget section */

/* Begin PBXProject section */
		81466D7D2837E07C00876758 /* Project object */ = {
			isa = PBXProject;
			attributes = {
				BuildIndependentTargetsInParallel = 1;
				LastSwiftUpdateCheck = 1330;
				LastUpgradeCheck = 1330;
				TargetAttributes = {
					81466D842837E07C00876758 = {
						CreatedOnToolsVersion = 13.3;
					};
				};
			};
			buildConfigurationList = 81466D802837E07C00876758 /* Build configuration list for PBXProject "TypingEffectExample" */;
			compatibilityVersion = "Xcode 13.0";
			developmentRegion = en;
			hasScannedForEncodings = 0;
			knownRegions = (
				en,
				Base,
			);
			mainGroup = 81466D7C2837E07C00876758;
			productRefGroup = 81466D862837E07C00876758 /* Products */;
			projectDirPath = "";
			projectRoot = "";
			targets = (
				81466D842837E07C00876758 /* TypingEffectExample */,
			);
		};
/* End PBXProject section */

/* Begin PBXResourcesBuildPhase section */
		81466D832837E07C00876758 /* Resources */ = {
			isa = PBXResourcesBuildPhase;
			buildActionMask = 2147483647;
			files = (
				81466D9D2837E1FC00876758 /* kongtext.ttf in Resources */,
				81466DA12837E20E00876758 /* ARCADECLASSIC.TTF in Resources */,
				81466D902837E07F00876758 /* Preview Assets.xcassets in Resources */,
				81466D8D2837E07F00876758 /* Assets.xcassets in Resources */,
			);
			runOnlyForDeploymentPostprocessing = 0;
		};
/* End PBXResourcesBuildPhase section */

/* Begin PBXSourcesBuildPhase section */
		81466D812837E07C00876758 /* Sources */ = {
			isa = PBXSourcesBuildPhase;
			buildActionMask = 2147483647;
			files = (
				81466D8B2837E07C00876758 /* ContentView.swift in Sources */,
				81466D892837E07C00876758 /* TypingEffectExampleApp.swift in Sources */,
				81466DA52837F90C00876758 /* TypeOnViewModifier.swift in Sources */,
			);
			runOnlyForDeploymentPostprocessing = 0;
		};
/* End PBXSourcesBuildPhase section */

/* Begin XCBuildConfiguration section */
		81466D912837E07F00876758 /* Debug */ = {
			isa = XCBuildConfiguration;
			buildSettings = {
				ALWAYS_SEARCH_USER_PATHS = NO;
				CLANG_ANALYZER_NONNULL = YES;
				CLANG_ANALYZER_NUMBER_OBJECT_CONVERSION = YES_AGGRESSIVE;
				CLANG_CXX_LANGUAGE_STANDARD = "gnu++17";
				CLANG_ENABLE_MODULES = YES;
				CLANG_ENABLE_OBJC_ARC = YES;
				CLANG_ENABLE_OBJC_WEAK = YES;
				CLANG_WARN_BLOCK_CAPTURE_AUTORELEASING = YES;
				CLANG_WARN_BOOL_CONVERSION = YES;
				CLANG_WARN_COMMA = YES;
				CLANG_WARN_CONSTANT_CONVERSION = YES;
				CLANG_WARN_DEPRECATED_OBJC_IMPLEMENTATIONS = YES;
				CLANG_WARN_DIRECT_OBJC_ISA_USAGE = YES_ERROR;
				CLANG_WARN_DOCUMENTATION_COMMENTS = YES;
				CLANG_WARN_EMPTY_BODY = YES;
				CLANG_WARN_ENUM_CONVERSION = YES;
				CLANG_WARN_INFINITE_RECURSION = YES;
				CLANG_WARN_INT_CONVERSION = YES;
				CLANG_WARN_NON_LITERAL_NULL_CONVERSION = YES;
				CLANG_WARN_OBJC_IMPLICIT_RETAIN_SELF = YES;
				CLANG_WARN_OBJC_LITERAL_CONVERSION = YES;
				CLANG_WARN_OBJC_ROOT_CLASS = YES_ERROR;
				CLANG_WARN_QUOTED_INCLUDE_IN_FRAMEWORK_HEADER = YES;
				CLANG_WARN_RANGE_LOOP_ANALYSIS = YES;
				CLANG_WARN_STRICT_PROTOTYPES = YES;
				CLANG_WARN_SUSPICIOUS_MOVE = YES;
				CLANG_WARN_UNGUARDED_AVAILABILITY = YES_AGGRESSIVE;
				CLANG_WARN_UNREACHABLE_CODE = YES;
				CLANG_WARN__DUPLICATE_METHOD_MATCH = YES;
				COPY_PHASE_STRIP = NO;
				DEBUG_INFORMATION_FORMAT = dwarf;
				ENABLE_STRICT_OBJC_MSGSEND = YES;
				ENABLE_TESTABILITY = YES;
				GCC_C_LANGUAGE_STANDARD = gnu11;
				GCC_DYNAMIC_NO_PIC = NO;
				GCC_NO_COMMON_BLOCKS = YES;
				GCC_OPTIMIZATION_LEVEL = 0;
				GCC_PREPROCESSOR_DEFINITIONS = (
					"DEBUG=1",
					"$(inherited)",
				);
				GCC_WARN_64_TO_32_BIT_CONVERSION = YES;
				GCC_WARN_ABOUT_RETURN_TYPE = YES_ERROR;
				GCC_WARN_UNDECLARED_SELECTOR = YES;
				GCC_WARN_UNINITIALIZED_AUTOS = YES_AGGRESSIVE;
				GCC_WARN_UNUSED_FUNCTION = YES;
				GCC_WARN_UNUSED_VARIABLE = YES;
				IPHONEOS_DEPLOYMENT_TARGET = 15.4;
				MTL_ENABLE_DEBUG_INFO = INCLUDE_SOURCE;
				MTL_FAST_MATH = YES;
				ONLY_ACTIVE_ARCH = YES;
				SDKROOT = iphoneos;
				SWIFT_ACTIVE_COMPILATION_CONDITIONS = DEBUG;
				SWIFT_OPTIMIZATION_LEVEL = "-Onone";
			};
			name = Debug;
		};
		81466D922837E07F00876758 /* Release */ = {
			isa = XCBuildConfiguration;
			buildSettings = {
				ALWAYS_SEARCH_USER_PATHS = NO;
				CLANG_ANALYZER_NONNULL = YES;
				CLANG_ANALYZER_NUMBER_OBJECT_CONVERSION = YES_AGGRESSIVE;
				CLANG_CXX_LANGUAGE_STANDARD = "gnu++17";
				CLANG_ENABLE_MODULES = YES;
				CLANG_ENABLE_OBJC_ARC = YES;
				CLANG_ENABLE_OBJC_WEAK = YES;
				CLANG_WARN_BLOCK_CAPTURE_AUTORELEASING = YES;
				CLANG_WARN_BOOL_CONVERSION = YES;
				CLANG_WARN_COMMA = YES;
				CLANG_WARN_CONSTANT_CONVERSION = YES;
				CLANG_WARN_DEPRECATED_OBJC_IMPLEMENTATIONS = YES;
				CLANG_WARN_DIRECT_OBJC_ISA_USAGE = YES_ERROR;
				CLANG_WARN_DOCUMENTATION_COMMENTS = YES;
				CLANG_WARN_EMPTY_BODY = YES;
				CLANG_WARN_ENUM_CONVERSION = YES;
				CLANG_WARN_INFINITE_RECURSION = YES;
				CLANG_WARN_INT_CONVERSION = YES;
				CLANG_WARN_NON_LITERAL_NULL_CONVERSION = YES;
				CLANG_WARN_OBJC_IMPLICIT_RETAIN_SELF = YES;
				CLANG_WARN_OBJC_LITERAL_CONVERSION = YES;
				CLANG_WARN_OBJC_ROOT_CLASS = YES_ERROR;
				CLANG_WARN_QUOTED_INCLUDE_IN_FRAMEWORK_HEADER = YES;
				CLANG_WARN_RANGE_LOOP_ANALYSIS = YES;
				CLANG_WARN_STRICT_PROTOTYPES = YES;
				CLANG_WARN_SUSPICIOUS_MOVE = YES;
				CLANG_WARN_UNGUARDED_AVAILABILITY = YES_AGGRESSIVE;
				CLANG_WARN_UNREACHABLE_CODE = YES;
				CLANG_WARN__DUPLICATE_METHOD_MATCH = YES;
				COPY_PHASE_STRIP = NO;
				DEBUG_INFORMATION_FORMAT = "dwarf-with-dsym";
				ENABLE_NS_ASSERTIONS = NO;
				ENABLE_STRICT_OBJC_MSGSEND = YES;
				GCC_C_LANGUAGE_STANDARD = gnu11;
				GCC_NO_COMMON_BLOCKS = YES;
				GCC_WARN_64_TO_32_BIT_CONVERSION = YES;
				GCC_WARN_ABOUT_RETURN_TYPE = YES_ERROR;
				GCC_WARN_UNDECLARED_SELECTOR = YES;
				GCC_WARN_UNINITIALIZED_AUTOS = YES_AGGRESSIVE;
				GCC_WARN_UNUSED_FUNCTION = YES;
				GCC_WARN_UNUSED_VARIABLE = YES;
				IPHONEOS_DEPLOYMENT_TARGET = 15.4;
				MTL_ENABLE_DEBUG_INFO = NO;
				MTL_FAST_MATH = YES;
				SDKROOT = iphoneos;
				SWIFT_COMPILATION_MODE = wholemodule;
				SWIFT_OPTIMIZATION_LEVEL = "-O";
				VALIDATE_PRODUCT = YES;
			};
			name = Release;
		};
		81466D942837E07F00876758 /* Debug */ = {
			isa = XCBuildConfiguration;
			buildSettings = {
				ASSETCATALOG_COMPILER_APPICON_NAME = AppIcon;
				ASSETCATALOG_COMPILER_GLOBAL_ACCENT_COLOR_NAME = AccentColor;
				CODE_SIGN_STYLE = Automatic;
				CURRENT_PROJECT_VERSION = 1;
				DEVELOPMENT_ASSET_PATHS = "\"TypingEffectExample/Preview Content\"";
				ENABLE_PREVIEWS = YES;
				GENERATE_INFOPLIST_FILE = YES;
				INFOPLIST_FILE = TypingEffectExample/Info.plist;
				INFOPLIST_KEY_UIApplicationSceneManifest_Generation = YES;
				INFOPLIST_KEY_UIApplicationSupportsIndirectInputEvents = YES;
				INFOPLIST_KEY_UILaunchScreen_Generation = YES;
				INFOPLIST_KEY_UISupportedInterfaceOrientations_iPad = "UIInterfaceOrientationPortrait UIInterfaceOrientationPortraitUpsideDown UIInterfaceOrientationLandscapeLeft UIInterfaceOrientationLandscapeRight";
				INFOPLIST_KEY_UISupportedInterfaceOrientations_iPhone = "UIInterfaceOrientationPortrait UIInterfaceOrientationLandscapeLeft UIInterfaceOrientationLandscapeRight";
				LD_RUNPATH_SEARCH_PATHS = (
					"$(inherited)",
					"@executable_path/Frameworks",
				);
				MARKETING_VERSION = 1.0;
				PRODUCT_BUNDLE_IDENTIFIER = ca.on.lcs.TypingEffectExample;
				PRODUCT_NAME = "$(TARGET_NAME)";
				SWIFT_EMIT_LOC_STRINGS = YES;
				SWIFT_VERSION = 5.0;
				TARGETED_DEVICE_FAMILY = "1,2";
			};
			name = Debug;
		};
		81466D952837E07F00876758 /* Release */ = {
			isa = XCBuildConfiguration;
			buildSettings = {
				ASSETCATALOG_COMPILER_APPICON_NAME = AppIcon;
				ASSETCATALOG_COMPILER_GLOBAL_ACCENT_COLOR_NAME = AccentColor;
				CODE_SIGN_STYLE = Automatic;
				CURRENT_PROJECT_VERSION = 1;
				DEVELOPMENT_ASSET_PATHS = "\"TypingEffectExample/Preview Content\"";
				ENABLE_PREVIEWS = YES;
				GENERATE_INFOPLIST_FILE = YES;
				INFOPLIST_FILE = TypingEffectExample/Info.plist;
				INFOPLIST_KEY_UIApplicationSceneManifest_Generation = YES;
				INFOPLIST_KEY_UIApplicationSupportsIndirectInputEvents = YES;
				INFOPLIST_KEY_UILaunchScreen_Generation = YES;
				INFOPLIST_KEY_UISupportedInterfaceOrientations_iPad = "UIInterfaceOrientationPortrait UIInterfaceOrientationPortraitUpsideDown UIInterfaceOrientationLandscapeLeft UIInterfaceOrientationLandscapeRight";
				INFOPLIST_KEY_UISupportedInterfaceOrientations_iPhone = "UIInterfaceOrientationPortrait UIInterfaceOrientationLandscapeLeft UIInterfaceOrientationLandscapeRight";
				LD_RUNPATH_SEARCH_PATHS = (
					"$(inherited)",
					"@executable_path/Frameworks",
				);
				MARKETING_VERSION = 1.0;
				PRODUCT_BUNDLE_IDENTIFIER = ca.on.lcs.TypingEffectExample;
				PRODUCT_NAME = "$(TARGET_NAME)";
				SWIFT_EMIT_LOC_STRINGS = YES;
				SWIFT_VERSION = 5.0;
				TARGETED_DEVICE_FAMILY = "1,2";
			};
			name = Release;
		};
/* End XCBuildConfiguration section */

/* Begin XCConfigurationList section */
		81466D802837E07C00876758 /* Build configuration list for PBXProject "TypingEffectExample" */ = {
			isa = XCConfigurationList;
			buildConfigurations = (
				81466D912837E07F00876758 /* Debug */,
				81466D922837E07F00876758 /* Release */,
			);
			defaultConfigurationIsVisible = 0;
			defaultConfigurationName = Release;
		};
		81466D932837E07F00876758 /* Build configuration list for PBXNativeTarget "TypingEffectExample" */ = {
			isa = XCConfigurationList;
			buildConfigurations = (
				81466D942837E07F00876758 /* Debug */,
				81466D952837E07F00876758 /* Release */,
			);
			defaultConfigurationIsVisible = 0;
			defaultConfigurationName = Release;
		};
/* End XCConfigurationList section */
	};
	rootObject = 81466D7D2837E07C00876758 /* Project object */;
}
